
Microsoft Visual Studio Solution File, Format Version 12.00
# Visual Studio Version 17
VisualStudioVersion = 17.9.34701.34
MinimumVisualStudioVersion = 10.0.40219.1
Project("{FAE04EC0-301F-11D3-BF4B-00C04F79EFBC}") = "ScrapSegmentationGenerator", "ScrapSegmentationGenerator.csproj", "{970CD686-39EA-49C6-B598-840974679172}"
EndProject
Global
	GlobalSection(SolutionConfigurationPlatforms) = preSolution
		Debug|Any CPU = Debug|Any CPU
		Release|Any CPU = Release|Any CPU
	EndGlobalSection
	GlobalSection(ProjectConfigurationPlatforms) = postSolution
		{970CD686-39EA-49C6-B598-840974679172}.Debug|Any CPU.ActiveCfg = Debug|Any CPU
		{970CD686-39EA-49C6-B598-840974679172}.Debug|Any CPU.Build.0 = Debug|Any CPU
		{970CD686-39EA-49C6-B598-840974679172}.Release|Any CPU.ActiveCfg = Release|Any CPU
		{970CD686-39EA-49C6-B598-840974679172}.Release|Any CPU.Build.0 = Release|Any CPU
	EndGlobalSection
	GlobalSection(SolutionProperties) = preSolution
		HideSolutionNode = FALSE
	EndGlobalSection
	GlobalSection(ExtensibilityGlobals) = postSolution
		SolutionGuid = {46D6C907-E002-4B96-A130-0879637DA291}
	EndGlobalSection
EndGlobal
